
Microsoft Visual Studio Solution File, Format Version 12.00
Project("{FAE04EC0-301F-11D3-BF4B-00C04F79EFBC}") = "MicroServiceTemplate", "MicroServiceTemplate\MicroServiceTemplate.csproj", "{3CC313FF-2C3C-40E7-9D68-E72CBB28EBAF}"
EndProject
Global
	GlobalSection(SolutionConfigurationPlatforms) = preSolution
		Debug|Any CPU = Debug|Any CPU
		Release|Any CPU = Release|Any CPU
	EndGlobalSection
	GlobalSection(ProjectConfigurationPlatforms) = postSolution
		{3CC313FF-2C3C-40E7-9D68-E72CBB28EBAF}.Debug|Any CPU.ActiveCfg = Debug|Any CPU
		{3CC313FF-2C3C-40E7-9D68-E72CBB28EBAF}.Debug|Any CPU.Build.0 = Debug|Any CPU
		{3CC313FF-2C3C-40E7-9D68-E72CBB28EBAF}.Release|Any CPU.ActiveCfg = Release|Any CPU
		{3CC313FF-2C3C-40E7-9D68-E72CBB28EBAF}.Release|Any CPU.Build.0 = Release|Any CPU
	EndGlobalSection
EndGlobal
